
Microsoft Visual Studio Solution File, Format Version 12.00
# Visual Studio Version 17
VisualStudioVersion = 17.3.32929.385
MinimumVisualStudioVersion = 10.0.40219.1
Project("{8BC9CEB8-8B4A-11D0-8D11-00A0C91BC942}") = "Exercice1", "Exercice1\Exercice1.vcxproj", "{69136B09-0904-4D9C-9BB7-B13ECBBD262A}"
EndProject
Project("{8BC9CEB8-8B4A-11D0-8D11-00A0C91BC942}") = "Exercice 4", "Exercice 4\Exercice 4.vcxproj", "{07A70090-7F39-413A-B760-65CA4FFA3C8B}"
EndProject
Global
	GlobalSection(SolutionConfigurationPlatforms) = preSolution
		Debug|x64 = Debug|x64
		Debug|x86 = Debug|x86
		Release|x64 = Release|x64
		Release|x86 = Release|x86
	EndGlobalSection
	GlobalSection(ProjectConfigurationPlatforms) = postSolution
		{69136B09-0904-4D9C-9BB7-B13ECBBD262A}.Debug|x64.ActiveCfg = Debug|x64
		{69136B09-0904-4D9C-9BB7-B13ECBBD262A}.Debug|x64.Build.0 = Debug|x64
		{69136B09-0904-4D9C-9BB7-B13ECBBD262A}.Debug|x86.ActiveCfg = Debug|Win32
		{69136B09-0904-4D9C-9BB7-B13ECBBD262A}.Debug|x86.Build.0 = Debug|Win32
		{69136B09-0904-4D9C-9BB7-B13ECBBD262A}.Release|x64.ActiveCfg = Release|x64
		{69136B09-0904-4D9C-9BB7-B13ECBBD262A}.Release|x64.Build.0 = Release|x64
		{69136B09-0904-4D9C-9BB7-B13ECBBD262A}.Release|x86.ActiveCfg = Release|Win32
		{69136B09-0904-4D9C-9BB7-B13ECBBD262A}.Release|x86.Build.0 = Release|Win32
		{07A70090-7F39-413A-B760-65CA4FFA3C8B}.Debug|x64.ActiveCfg = Debug|x64
		{07A70090-7F39-413A-B760-65CA4FFA3C8B}.Debug|x64.Build.0 = Debug|x64
		{07A70090-7F39-413A-B760-65CA4FFA3C8B}.Debug|x86.ActiveCfg = Debug|Win32
		{07A70090-7F39-413A-B760-65CA4FFA3C8B}.Debug|x86.Build.0 = Debug|Win32
		{07A70090-7F39-413A-B760-65CA4FFA3C8B}.Release|x64.ActiveCfg = Release|x64
		{07A70090-7F39-413A-B760-65CA4FFA3C8B}.Release|x64.Build.0 = Release|x64
		{07A70090-7F39-413A-B760-65CA4FFA3C8B}.Release|x86.ActiveCfg = Release|Win32
		{07A70090-7F39-413A-B760-65CA4FFA3C8B}.Release|x86.Build.0 = Release|Win32
	EndGlobalSection
	GlobalSection(SolutionProperties) = preSolution
		HideSolutionNode = FALSE
	EndGlobalSection
	GlobalSection(ExtensibilityGlobals) = postSolution
		SolutionGuid = {174B4904-D2A3-4E0B-8777-9DB474460B45}
	EndGlobalSection
EndGlobal
